
Microsoft Visual Studio Solution File, Format Version 12.00
# Visual Studio Version 17
VisualStudioVersion = 17.5.002.0
MinimumVisualStudioVersion = 10.0.40219.1
Project("{9A19103F-16F7-4668-BE54-9A1E7A4F7556}") = "08_Conditionals", "08_Conditionals.csproj", "{B0868640-57FD-4F7C-B85B-3B763D987CBA}"
EndProject
Global
	GlobalSection(SolutionConfigurationPlatforms) = preSolution
		Debug|Any CPU = Debug|Any CPU
		Release|Any CPU = Release|Any CPU
	EndGlobalSection
	GlobalSection(ProjectConfigurationPlatforms) = postSolution
		{B0868640-57FD-4F7C-B85B-3B763D987CBA}.Debug|Any CPU.ActiveCfg = Debug|Any CPU
		{B0868640-57FD-4F7C-B85B-3B763D987CBA}.Debug|Any CPU.Build.0 = Debug|Any CPU
		{B0868640-57FD-4F7C-B85B-3B763D987CBA}.Release|Any CPU.ActiveCfg = Release|Any CPU
		{B0868640-57FD-4F7C-B85B-3B763D987CBA}.Release|Any CPU.Build.0 = Release|Any CPU
	EndGlobalSection
	GlobalSection(SolutionProperties) = preSolution
		HideSolutionNode = FALSE
	EndGlobalSection
	GlobalSection(ExtensibilityGlobals) = postSolution
		SolutionGuid = {4C3108FE-384A-4AC8-B3AA-29006B9EDE3E}
	EndGlobalSection
EndGlobal
