
Microsoft Visual Studio Solution File, Format Version 12.00
# Visual Studio Version 17
VisualStudioVersion = 17.5.002.0
MinimumVisualStudioVersion = 10.0.40219.1
Project("{9A19103F-16F7-4668-BE54-9A1E7A4F7556}") = "20_Method_Overloading", "20_Method_Overloading.csproj", "{26563755-7A5B-48C4-BFE8-87F04E233E82}"
EndProject
Global
	GlobalSection(SolutionConfigurationPlatforms) = preSolution
		Debug|Any CPU = Debug|Any CPU
		Release|Any CPU = Release|Any CPU
	EndGlobalSection
	GlobalSection(ProjectConfigurationPlatforms) = postSolution
		{26563755-7A5B-48C4-BFE8-87F04E233E82}.Debug|Any CPU.ActiveCfg = Debug|Any CPU
		{26563755-7A5B-48C4-BFE8-87F04E233E82}.Debug|Any CPU.Build.0 = Debug|Any CPU
		{26563755-7A5B-48C4-BFE8-87F04E233E82}.Release|Any CPU.ActiveCfg = Release|Any CPU
		{26563755-7A5B-48C4-BFE8-87F04E233E82}.Release|Any CPU.Build.0 = Release|Any CPU
	EndGlobalSection
	GlobalSection(SolutionProperties) = preSolution
		HideSolutionNode = FALSE
	EndGlobalSection
	GlobalSection(ExtensibilityGlobals) = postSolution
		SolutionGuid = {129777F9-5224-4EE7-A135-028A5F0A7A16}
	EndGlobalSection
EndGlobal
