
Microsoft Visual Studio Solution File, Format Version 12.00
# Visual Studio Version 17
VisualStudioVersion = 17.5.002.0
MinimumVisualStudioVersion = 10.0.40219.1
Project("{9A19103F-16F7-4668-BE54-9A1E7A4F7556}") = "26_Shallow_vs_Deep_Copy", "26_Shallow_vs_Deep_Copy.csproj", "{327FAEBB-619C-4E3E-936D-F23F68CEE3F8}"
EndProject
Global
	GlobalSection(SolutionConfigurationPlatforms) = preSolution
		Debug|Any CPU = Debug|Any CPU
		Release|Any CPU = Release|Any CPU
	EndGlobalSection
	GlobalSection(ProjectConfigurationPlatforms) = postSolution
		{327FAEBB-619C-4E3E-936D-F23F68CEE3F8}.Debug|Any CPU.ActiveCfg = Debug|Any CPU
		{327FAEBB-619C-4E3E-936D-F23F68CEE3F8}.Debug|Any CPU.Build.0 = Debug|Any CPU
		{327FAEBB-619C-4E3E-936D-F23F68CEE3F8}.Release|Any CPU.ActiveCfg = Release|Any CPU
		{327FAEBB-619C-4E3E-936D-F23F68CEE3F8}.Release|Any CPU.Build.0 = Release|Any CPU
	EndGlobalSection
	GlobalSection(SolutionProperties) = preSolution
		HideSolutionNode = FALSE
	EndGlobalSection
	GlobalSection(ExtensibilityGlobals) = postSolution
		SolutionGuid = {1B250EE7-38A8-4E18-8D65-2F86C67EBB79}
	EndGlobalSection
EndGlobal
