
Microsoft Visual Studio Solution File, Format Version 12.00
# Visual Studio Version 17
VisualStudioVersion = 17.5.002.0
MinimumVisualStudioVersion = 10.0.40219.1
Project("{9A19103F-16F7-4668-BE54-9A1E7A4F7556}") = "21_Inheritance_Using_Classes", "21_Inheritance_Using_Classes.csproj", "{DC91007B-5E01-443D-B551-D5CB41A52DCD}"
EndProject
Global
	GlobalSection(SolutionConfigurationPlatforms) = preSolution
		Debug|Any CPU = Debug|Any CPU
		Release|Any CPU = Release|Any CPU
	EndGlobalSection
	GlobalSection(ProjectConfigurationPlatforms) = postSolution
		{DC91007B-5E01-443D-B551-D5CB41A52DCD}.Debug|Any CPU.ActiveCfg = Debug|Any CPU
		{DC91007B-5E01-443D-B551-D5CB41A52DCD}.Debug|Any CPU.Build.0 = Debug|Any CPU
		{DC91007B-5E01-443D-B551-D5CB41A52DCD}.Release|Any CPU.ActiveCfg = Release|Any CPU
		{DC91007B-5E01-443D-B551-D5CB41A52DCD}.Release|Any CPU.Build.0 = Release|Any CPU
	EndGlobalSection
	GlobalSection(SolutionProperties) = preSolution
		HideSolutionNode = FALSE
	EndGlobalSection
	GlobalSection(ExtensibilityGlobals) = postSolution
		SolutionGuid = {049AB0D7-8C30-4678-B9FA-75FF03CACD0E}
	EndGlobalSection
EndGlobal
