
Microsoft Visual Studio Solution File, Format Version 12.00
# Visual Studio Version 17
VisualStudioVersion = 17.5.002.0
MinimumVisualStudioVersion = 10.0.40219.1
Project("{9A19103F-16F7-4668-BE54-9A1E7A4F7556}") = "19_Operator_Overloading", "19_Operator_Overloading.csproj", "{CCFF9C3D-A21F-4790-9637-20CBBF9AA71F}"
EndProject
Global
	GlobalSection(SolutionConfigurationPlatforms) = preSolution
		Debug|Any CPU = Debug|Any CPU
		Release|Any CPU = Release|Any CPU
	EndGlobalSection
	GlobalSection(ProjectConfigurationPlatforms) = postSolution
		{CCFF9C3D-A21F-4790-9637-20CBBF9AA71F}.Debug|Any CPU.ActiveCfg = Debug|Any CPU
		{CCFF9C3D-A21F-4790-9637-20CBBF9AA71F}.Debug|Any CPU.Build.0 = Debug|Any CPU
		{CCFF9C3D-A21F-4790-9637-20CBBF9AA71F}.Release|Any CPU.ActiveCfg = Release|Any CPU
		{CCFF9C3D-A21F-4790-9637-20CBBF9AA71F}.Release|Any CPU.Build.0 = Release|Any CPU
	EndGlobalSection
	GlobalSection(SolutionProperties) = preSolution
		HideSolutionNode = FALSE
	EndGlobalSection
	GlobalSection(ExtensibilityGlobals) = postSolution
		SolutionGuid = {90506EAF-EB6A-47BC-B793-A6460BC2F461}
	EndGlobalSection
EndGlobal
