
Microsoft Visual Studio Solution File, Format Version 12.00
# Visual Studio Version 17
VisualStudioVersion = 17.5.002.0
MinimumVisualStudioVersion = 10.0.40219.1
Project("{9A19103F-16F7-4668-BE54-9A1E7A4F7556}") = "17_Array_Of_Objects", "17_Array_Of_Objects.csproj", "{A7478F57-5534-429A-A248-8CC1ED1064BF}"
EndProject
Global
	GlobalSection(SolutionConfigurationPlatforms) = preSolution
		Debug|Any CPU = Debug|Any CPU
		Release|Any CPU = Release|Any CPU
	EndGlobalSection
	GlobalSection(ProjectConfigurationPlatforms) = postSolution
		{A7478F57-5534-429A-A248-8CC1ED1064BF}.Debug|Any CPU.ActiveCfg = Debug|Any CPU
		{A7478F57-5534-429A-A248-8CC1ED1064BF}.Debug|Any CPU.Build.0 = Debug|Any CPU
		{A7478F57-5534-429A-A248-8CC1ED1064BF}.Release|Any CPU.ActiveCfg = Release|Any CPU
		{A7478F57-5534-429A-A248-8CC1ED1064BF}.Release|Any CPU.Build.0 = Release|Any CPU
	EndGlobalSection
	GlobalSection(SolutionProperties) = preSolution
		HideSolutionNode = FALSE
	EndGlobalSection
	GlobalSection(ExtensibilityGlobals) = postSolution
		SolutionGuid = {CBBC47A6-75E1-47D7-B9CE-C8E236411B10}
	EndGlobalSection
EndGlobal
